
Microsoft Visual Studio Solution File, Format Version 12.00
# Visual Studio 2013
VisualStudioVersion = 12.0.21005.1
MinimumVisualStudioVersion = 10.0.40219.1
Project("{FAE04EC0-301F-11D3-BF4B-00C04F79EFBC}") = "ServiceProvider.API", "ServiceProvider.API\ServiceProvider.API.csproj", "{9A19C431-D1BE-41EF-8988-DB6E0D2D28ED}"
EndProject
Project("{FAE04EC0-301F-11D3-BF4B-00C04F79EFBC}") = "ServiceProvider.Client", "ServiceProvider.Client\ServiceProvider.Client.csproj", "{07E5F467-746A-4930-965C-FCD069044F64}"
EndProject
Project("{FAE04EC0-301F-11D3-BF4B-00C04F79EFBC}") = "ServiceProvider.Service", "ServiceProvider.Service\ServiceProvider.Service.csproj", "{DC118AC4-008B-4BD0-AD5A-4E73C3AA1EB0}"
EndProject
Project("{FAE04EC0-301F-11D3-BF4B-00C04F79EFBC}") = "ServiceProvider.Model", "ServiceProvider.Model\ServiceProvider.Model.csproj", "{CC36D817-6995-4667-836D-9DF14C4582E0}"
EndProject
Global
	GlobalSection(SolutionConfigurationPlatforms) = preSolution
		Debug|Any CPU = Debug|Any CPU
		Release|Any CPU = Release|Any CPU
	EndGlobalSection
	GlobalSection(ProjectConfigurationPlatforms) = postSolution
		{9A19C431-D1BE-41EF-8988-DB6E0D2D28ED}.Debug|Any CPU.ActiveCfg = Debug|Any CPU
		{9A19C431-D1BE-41EF-8988-DB6E0D2D28ED}.Debug|Any CPU.Build.0 = Debug|Any CPU
		{9A19C431-D1BE-41EF-8988-DB6E0D2D28ED}.Release|Any CPU.ActiveCfg = Release|Any CPU
		{9A19C431-D1BE-41EF-8988-DB6E0D2D28ED}.Release|Any CPU.Build.0 = Release|Any CPU
		{07E5F467-746A-4930-965C-FCD069044F64}.Debug|Any CPU.ActiveCfg = Debug|Any CPU
		{07E5F467-746A-4930-965C-FCD069044F64}.Debug|Any CPU.Build.0 = Debug|Any CPU
		{07E5F467-746A-4930-965C-FCD069044F64}.Release|Any CPU.ActiveCfg = Release|Any CPU
		{07E5F467-746A-4930-965C-FCD069044F64}.Release|Any CPU.Build.0 = Release|Any CPU
		{DC118AC4-008B-4BD0-AD5A-4E73C3AA1EB0}.Debug|Any CPU.ActiveCfg = Debug|Any CPU
		{DC118AC4-008B-4BD0-AD5A-4E73C3AA1EB0}.Debug|Any CPU.Build.0 = Debug|Any CPU
		{DC118AC4-008B-4BD0-AD5A-4E73C3AA1EB0}.Release|Any CPU.ActiveCfg = Release|Any CPU
		{DC118AC4-008B-4BD0-AD5A-4E73C3AA1EB0}.Release|Any CPU.Build.0 = Release|Any CPU
		{CC36D817-6995-4667-836D-9DF14C4582E0}.Debug|Any CPU.ActiveCfg = Debug|Any CPU
		{CC36D817-6995-4667-836D-9DF14C4582E0}.Debug|Any CPU.Build.0 = Debug|Any CPU
		{CC36D817-6995-4667-836D-9DF14C4582E0}.Release|Any CPU.ActiveCfg = Release|Any CPU
		{CC36D817-6995-4667-836D-9DF14C4582E0}.Release|Any CPU.Build.0 = Release|Any CPU
	EndGlobalSection
	GlobalSection(SolutionProperties) = preSolution
		HideSolutionNode = FALSE
	EndGlobalSection
EndGlobal
